
Microsoft Visual Studio Solution File, Format Version 12.00
# Visual Studio Version 17
VisualStudioVersion = 17.1.32421.90
MinimumVisualStudioVersion = 10.0.40219.1
Project("{FAE04EC0-301F-11D3-BF4B-00C04F79EFBC}") = "ProjectSupport", "ProjectSupport\ProjectSupport.csproj", "{71F8166D-2DC8-4F59-B908-94442BE88948}"
EndProject
Global
	GlobalSection(SolutionConfigurationPlatforms) = preSolution
		Debug|Any CPU = Debug|Any CPU
		Release|Any CPU = Release|Any CPU
	EndGlobalSection
	GlobalSection(ProjectConfigurationPlatforms) = postSolution
		{71F8166D-2DC8-4F59-B908-94442BE88948}.Debug|Any CPU.ActiveCfg = Debug|Any CPU
		{71F8166D-2DC8-4F59-B908-94442BE88948}.Debug|Any CPU.Build.0 = Debug|Any CPU
		{71F8166D-2DC8-4F59-B908-94442BE88948}.Release|Any CPU.ActiveCfg = Release|Any CPU
		{71F8166D-2DC8-4F59-B908-94442BE88948}.Release|Any CPU.Build.0 = Release|Any CPU
	EndGlobalSection
	GlobalSection(SolutionProperties) = preSolution
		HideSolutionNode = FALSE
	EndGlobalSection
	GlobalSection(ExtensibilityGlobals) = postSolution
		SolutionGuid = {77028B6F-F725-4794-ACD1-4C33777F9AEE}
	EndGlobalSection
EndGlobal
